
Microsoft Visual Studio Solution File, Format Version 12.00
Project("{FAE04EC0-301F-11D3-BF4B-00C04F79EFBC}") = "Freuders.Api", "Freuders.Api\Freuders.Api.csproj", "{F434493A-0509-4516-92FC-DB8DFC6AAD90}"
EndProject
Project("{FAE04EC0-301F-11D3-BF4B-00C04F79EFBC}") = "Freuders.Domain", "Freuders.Domain\Freuders.Domain.csproj", "{F39023A6-9F22-4BBE-A1EA-6EAAF7FB885B}"
EndProject
Project("{FAE04EC0-301F-11D3-BF4B-00C04F79EFBC}") = "Freuders.Infrastructure", "Freuders.Infrastructure\Freuders.Infrastructure.csproj", "{6FA93EB3-47D7-4607-B105-8238F206707A}"
EndProject
Global
	GlobalSection(SolutionConfigurationPlatforms) = preSolution
		Debug|Any CPU = Debug|Any CPU
		Release|Any CPU = Release|Any CPU
	EndGlobalSection
	GlobalSection(ProjectConfigurationPlatforms) = postSolution
		{F434493A-0509-4516-92FC-DB8DFC6AAD90}.Debug|Any CPU.ActiveCfg = Debug|Any CPU
		{F434493A-0509-4516-92FC-DB8DFC6AAD90}.Debug|Any CPU.Build.0 = Debug|Any CPU
		{F434493A-0509-4516-92FC-DB8DFC6AAD90}.Release|Any CPU.ActiveCfg = Release|Any CPU
		{F434493A-0509-4516-92FC-DB8DFC6AAD90}.Release|Any CPU.Build.0 = Release|Any CPU
		{F39023A6-9F22-4BBE-A1EA-6EAAF7FB885B}.Debug|Any CPU.ActiveCfg = Debug|Any CPU
		{F39023A6-9F22-4BBE-A1EA-6EAAF7FB885B}.Debug|Any CPU.Build.0 = Debug|Any CPU
		{F39023A6-9F22-4BBE-A1EA-6EAAF7FB885B}.Release|Any CPU.ActiveCfg = Release|Any CPU
		{F39023A6-9F22-4BBE-A1EA-6EAAF7FB885B}.Release|Any CPU.Build.0 = Release|Any CPU
		{6FA93EB3-47D7-4607-B105-8238F206707A}.Debug|Any CPU.ActiveCfg = Debug|Any CPU
		{6FA93EB3-47D7-4607-B105-8238F206707A}.Debug|Any CPU.Build.0 = Debug|Any CPU
		{6FA93EB3-47D7-4607-B105-8238F206707A}.Release|Any CPU.ActiveCfg = Release|Any CPU
		{6FA93EB3-47D7-4607-B105-8238F206707A}.Release|Any CPU.Build.0 = Release|Any CPU
	EndGlobalSection
EndGlobal
